// !$*UTF8*$!
{
	archiveVersion = 1;
	classes = {
	};
	objectVersion = 50;
	objects = {

/* Begin PBXBuildFile section */
		4930361C25997291005B0921 /* AppDelegate.swift in Sources */ = {isa = PBXBuildFile; fileRef = 4930361B25997291005B0921 /* AppDelegate.swift */; };
		4930361E25997291005B0921 /* SceneDelegate.swift in Sources */ = {isa = PBXBuildFile; fileRef = 4930361D25997291005B0921 /* SceneDelegate.swift */; };
		4930362025997291005B0921 /* ViewController.swift in Sources */ = {isa = PBXBuildFile; fileRef = 4930361F25997291005B0921 /* ViewController.swift */; };
		4930362325997291005B0921 /* Main.storyboard in Resources */ = {isa = PBXBuildFile; fileRef = 4930362125997291005B0921 /* Main.storyboard */; };
		4930362525997293005B0921 /* Assets.xcassets in Resources */ = {isa = PBXBuildFile; fileRef = 4930362425997293005B0921 /* Assets.xcassets */; };
		4930362825997293005B0921 /* LaunchScreen.storyboard in Resources */ = {isa = PBXBuildFile; fileRef = 4930362625997293005B0921 /* LaunchScreen.storyboard */; };
		4930363325997294005B0921 /* youtubeTests.swift in Sources */ = {isa = PBXBuildFile; fileRef = 4930363225997294005B0921 /* youtubeTests.swift */; };
		4930363E25997294005B0921 /* youtubeUITests.swift in Sources */ = {isa = PBXBuildFile; fileRef = 4930363D25997294005B0921 /* youtubeUITests.swift */; };
		49303652259986A7005B0921 /* constants.swift in Sources */ = {isa = PBXBuildFile; fileRef = 49303651259986A7005B0921 /* constants.swift */; };
		4930365725998BBA005B0921 /* Video.swift in Sources */ = {isa = PBXBuildFile; fileRef = 4930365625998BBA005B0921 /* Video.swift */; };
		4930365C25998C31005B0921 /* Model.swift in Sources */ = {isa = PBXBuildFile; fileRef = 4930365B25998C31005B0921 /* Model.swift */; };
/* End PBXBuildFile section */

/* Begin PBXContainerItemProxy section */
		4930362F25997294005B0921 /* PBXContainerItemProxy */ = {
			isa = PBXContainerItemProxy;
			containerPortal = 4930361025997291005B0921 /* Project object */;
			proxyType = 1;
			remoteGlobalIDString = 4930361725997291005B0921;
			remoteInfo = youtube;
		};
		4930363A25997294005B0921 /* PBXContainerItemProxy */ = {
			isa = PBXContainerItemProxy;
			containerPortal = 4930361025997291005B0921 /* Project object */;
			proxyType = 1;
			remoteGlobalIDString = 4930361725997291005B0921;
			remoteInfo = youtube;
		};
/* End PBXContainerItemProxy section */

/* Begin PBXFileReference section */
		4930361825997291005B0921 /* youtube.app */ = {isa = PBXFileReference; explicitFileType = wrapper.application; includeInIndex = 0; path = youtube.app; sourceTree = BUILT_PRODUCTS_DIR; };
		4930361B25997291005B0921 /* AppDelegate.swift */ = {isa = PBXFileReference; lastKnownFileType = sourcecode.swift; path = AppDelegate.swift; sourceTree = "<group>"; };
		4930361D25997291005B0921 /* SceneDelegate.swift */ = {isa = PBXFileReference; lastKnownFileType = sourcecode.swift; path = SceneDelegate.swift; sourceTree = "<group>"; };
		4930361F25997291005B0921 /* ViewController.swift */ = {isa = PBXFileReference; lastKnownFileType = sourcecode.swift; path = ViewController.swift; sourceTree = "<group>"; };
		4930362225997291005B0921 /* Base */ = {isa = PBXFileReference; lastKnownFileType = file.storyboard; name = Base; path = Base.lproj/Main.storyboard; sourceTree = "<group>"; };
		4930362425997293005B0921 /* Assets.xcassets */ = {isa = PBXFileReference; lastKnownFileType = folder.assetcatalog; path = Assets.xcassets; sourceTree = "<group>"; };
		4930362725997293005B0921 /* Base */ = {isa = PBXFileReference; lastKnownFileType = file.storyboard; name = Base; path = Base.lproj/LaunchScreen.storyboard; sourceTree = "<group>"; };
		4930362925997293005B0921 /* Info.plist */ = {isa = PBXFileReference; lastKnownFileType = text.plist.xml; path = Info.plist; sourceTree = "<group>"; };
		4930362E25997293005B0921 /* youtubeTests.xctest */ = {isa = PBXFileReference; explicitFileType = wrapper.cfbundle; includeInIndex = 0; path = youtubeTests.xctest; sourceTree = BUILT_PRODUCTS_DIR; };
		4930363225997294005B0921 /* youtubeTests.swift */ = {isa = PBXFileReference; lastKnownFileType = sourcecode.swift; path = youtubeTests.swift; sourceTree = "<group>"; };
		4930363425997294005B0921 /* Info.plist */ = {isa = PBXFileReference; lastKnownFileType = text.plist.xml; path = Info.plist; sourceTree = "<group>"; };
		4930363925997294005B0921 /* youtubeUITests.xctest */ = {isa = PBXFileReference; explicitFileType = wrapper.cfbundle; includeInIndex = 0; path = youtubeUITests.xctest; sourceTree = BUILT_PRODUCTS_DIR; };
		4930363D25997294005B0921 /* youtubeUITests.swift */ = {isa = PBXFileReference; lastKnownFileType = sourcecode.swift; path = youtubeUITests.swift; sourceTree = "<group>"; };
		4930363F25997294005B0921 /* Info.plist */ = {isa = PBXFileReference; lastKnownFileType = text.plist.xml; path = Info.plist; sourceTree = "<group>"; };
		49303651259986A7005B0921 /* constants.swift */ = {isa = PBXFileReference; lastKnownFileType = sourcecode.swift; path = constants.swift; sourceTree = "<group>"; };
		4930365625998BBA005B0921 /* Video.swift */ = {isa = PBXFileReference; lastKnownFileType = sourcecode.swift; path = Video.swift; sourceTree = "<group>"; };
		4930365B25998C31005B0921 /* Model.swift */ = {isa = PBXFileReference; lastKnownFileType = sourcecode.swift; path = Model.swift; sourceTree = "<group>"; };
/* End PBXFileReference section */

/* Begin PBXFrameworksBuildPhase section */
		4930361525997291005B0921 /* Frameworks */ = {
			isa = PBXFrameworksBuildPhase;
			buildActionMask = 2147483647;
			files = (
			);
			runOnlyForDeploymentPostprocessing = 0;
		};
		4930362B25997293005B0921 /* Frameworks */ = {
			isa = PBXFrameworksBuildPhase;
			buildActionMask = 2147483647;
			files = (
			);
			runOnlyForDeploymentPostprocessing = 0;
		};
		4930363625997294005B0921 /* Frameworks */ = {
			isa = PBXFrameworksBuildPhase;
			buildActionMask = 2147483647;
			files = (
			);
			runOnlyForDeploymentPostprocessing = 0;
		};
/* End PBXFrameworksBuildPhase section */

/* Begin PBXGroup section */
		4930360F25997291005B0921 = {
			isa = PBXGroup;
			children = (
				4930361A25997291005B0921 /* youtube */,
				4930363125997294005B0921 /* youtubeTests */,
				4930363C25997294005B0921 /* youtubeUITests */,
				4930361925997291005B0921 /* Products */,
			);
			sourceTree = "<group>";
		};
		4930361925997291005B0921 /* Products */ = {
			isa = PBXGroup;
			children = (
				4930361825997291005B0921 /* youtube.app */,
				4930362E25997293005B0921 /* youtubeTests.xctest */,
				4930363925997294005B0921 /* youtubeUITests.xctest */,
			);
			name = Products;
			sourceTree = "<group>";
		};
		4930361A25997291005B0921 /* youtube */ = {
			isa = PBXGroup;
			children = (
				4930361B25997291005B0921 /* AppDelegate.swift */,
				4930361D25997291005B0921 /* SceneDelegate.swift */,
				4930361F25997291005B0921 /* ViewController.swift */,
				4930362125997291005B0921 /* Main.storyboard */,
				4930362425997293005B0921 /* Assets.xcassets */,
				4930362625997293005B0921 /* LaunchScreen.storyboard */,
				4930362925997293005B0921 /* Info.plist */,
				49303651259986A7005B0921 /* constants.swift */,
				4930365625998BBA005B0921 /* Video.swift */,
				4930365B25998C31005B0921 /* Model.swift */,
			);
			path = youtube;
			sourceTree = "<group>";
		};
		4930363125997294005B0921 /* youtubeTests */ = {
			isa = PBXGroup;
			children = (
				4930363225997294005B0921 /* youtubeTests.swift */,
				4930363425997294005B0921 /* Info.plist */,
			);
			path = youtubeTests;
			sourceTree = "<group>";
		};
		4930363C25997294005B0921 /* youtubeUITests */ = {
			isa = PBXGroup;
			children = (
				4930363D25997294005B0921 /* youtubeUITests.swift */,
				4930363F25997294005B0921 /* Info.plist */,
			);
			path = youtubeUITests;
			sourceTree = "<group>";
		};
/* End PBXGroup section */

/* Begin PBXNativeTarget section */
		4930361725997291005B0921 /* youtube */ = {
			isa = PBXNativeTarget;
			buildConfigurationList = 4930364225997294005B0921 /* Build configuration list for PBXNativeTarget "youtube" */;
			buildPhases = (
				4930361425997291005B0921 /* Sources */,
				4930361525997291005B0921 /* Frameworks */,
				4930361625997291005B0921 /* Resources */,
			);
			buildRules = (
			);
			dependencies = (
			);
			name = youtube;
			productName = youtube;
			productReference = 4930361825997291005B0921 /* youtube.app */;
			productType = "com.apple.product-type.application";
		};
		4930362D25997293005B0921 /* youtubeTests */ = {
			isa = PBXNativeTarget;
			buildConfigurationList = 4930364525997294005B0921 /* Build configuration list for PBXNativeTarget "youtubeTests" */;
			buildPhases = (
				4930362A25997293005B0921 /* Sources */,
				4930362B25997293005B0921 /* Frameworks */,
				4930362C25997293005B0921 /* Resources */,
			);
			buildRules = (
			);
			dependencies = (
				4930363025997294005B0921 /* PBXTargetDependency */,
			);
			name = youtubeTests;
			productName = youtubeTests;
			productReference = 4930362E25997293005B0921 /* youtubeTests.xctest */;
			productType = "com.apple.product-type.bundle.unit-test";
		};
		4930363825997294005B0921 /* youtubeUITests */ = {
			isa = PBXNativeTarget;
			buildConfigurationList = 4930364825997294005B0921 /* Build configuration list for PBXNativeTarget "youtubeUITests" */;
			buildPhases = (
				4930363525997294005B0921 /* Sources */,
				4930363625997294005B0921 /* Frameworks */,
				4930363725997294005B0921 /* Resources */,
			);
			buildRules = (
			);
			dependencies = (
				4930363B25997294005B0921 /* PBXTargetDependency */,
			);
			name = youtubeUITests;
			productName = youtubeUITests;
			productReference = 4930363925997294005B0921 /* youtubeUITests.xctest */;
			productType = "com.apple.product-type.bundle.ui-testing";
		};
/* End PBXNativeTarget section */

/* Begin PBXProject section */
		4930361025997291005B0921 /* Project object */ = {
			isa = PBXProject;
			attributes = {
				LastSwiftUpdateCheck = 1230;
				LastUpgradeCheck = 1230;
				TargetAttributes = {
					4930361725997291005B0921 = {
						CreatedOnToolsVersion = 12.3;
					};
					4930362D25997293005B0921 = {
						CreatedOnToolsVersion = 12.3;
						TestTargetID = 4930361725997291005B0921;
					};
					4930363825997294005B0921 = {
						CreatedOnToolsVersion = 12.3;
						TestTargetID = 4930361725997291005B0921;
					};
				};
			};
			buildConfigurationList = 4930361325997291005B0921 /* Build configuration list for PBXProject "youtube" */;
			compatibilityVersion = "Xcode 9.3";
			developmentRegion = en;
			hasScannedForEncodings = 0;
			knownRegions = (
				en,
				Base,
			);
			mainGroup = 4930360F25997291005B0921;
			productRefGroup = 4930361925997291005B0921 /* Products */;
			projectDirPath = "";
			projectRoot = "";
			targets = (
				4930361725997291005B0921 /* youtube */,
				4930362D25997293005B0921 /* youtubeTests */,
				4930363825997294005B0921 /* youtubeUITests */,
			);
		};
/* End PBXProject section */

/* Begin PBXResourcesBuildPhase section */
		4930361625997291005B0921 /* Resources */ = {
			isa = PBXResourcesBuildPhase;
			buildActionMask = 2147483647;
			files = (
				4930362825997293005B0921 /* LaunchScreen.storyboard in Resources */,
				4930362525997293005B0921 /* Assets.xcassets in Resources */,
				4930362325997291005B0921 /* Main.storyboard in Resources */,
			);
			runOnlyForDeploymentPostprocessing = 0;
		};
		4930362C25997293005B0921 /* Resources */ = {
			isa = PBXResourcesBuildPhase;
			buildActionMask = 2147483647;
			files = (
			);
			runOnlyForDeploymentPostprocessing = 0;
		};
		4930363725997294005B0921 /* Resources */ = {
			isa = PBXResourcesBuildPhase;
			buildActionMask = 2147483647;
			files = (
			);
			runOnlyForDeploymentPostprocessing = 0;
		};
/* End PBXResourcesBuildPhase section */

/* Begin PBXSourcesBuildPhase section */
		4930361425997291005B0921 /* Sources */ = {
			isa = PBXSourcesBuildPhase;
			buildActionMask = 2147483647;
			files = (
				4930362025997291005B0921 /* ViewController.swift in Sources */,
				4930361C25997291005B0921 /* AppDelegate.swift in Sources */,
				4930361E25997291005B0921 /* SceneDelegate.swift in Sources */,
				4930365C25998C31005B0921 /* Model.swift in Sources */,
				49303652259986A7005B0921 /* constants.swift in Sources */,
				4930365725998BBA005B0921 /* Video.swift in Sources */,
			);
			runOnlyForDeploymentPostprocessing = 0;
		};
		4930362A25997293005B0921 /* Sources */ = {
			isa = PBXSourcesBuildPhase;
			buildActionMask = 2147483647;
			files = (
				4930363325997294005B0921 /* youtubeTests.swift in Sources */,
			);
			runOnlyForDeploymentPostprocessing = 0;
		};
		4930363525997294005B0921 /* Sources */ = {
			isa = PBXSourcesBuildPhase;
			buildActionMask = 2147483647;
			files = (
				4930363E25997294005B0921 /* youtubeUITests.swift in Sources */,
			);
			runOnlyForDeploymentPostprocessing = 0;
		};
/* End PBXSourcesBuildPhase section */

/* Begin PBXTargetDependency section */
		4930363025997294005B0921 /* PBXTargetDependency */ = {
			isa = PBXTargetDependency;
			target = 4930361725997291005B0921 /* youtube */;
			targetProxy = 4930362F25997294005B0921 /* PBXContainerItemProxy */;
		};
		4930363B25997294005B0921 /* PBXTargetDependency */ = {
			isa = PBXTargetDependency;
			target = 4930361725997291005B0921 /* youtube */;
			targetProxy = 4930363A25997294005B0921 /* PBXContainerItemProxy */;
		};
/* End PBXTargetDependency section */

/* Begin PBXVariantGroup section */
		4930362125997291005B0921 /* Main.storyboard */ = {
			isa = PBXVariantGroup;
			children = (
				4930362225997291005B0921 /* Base */,
			);
			name = Main.storyboard;
			sourceTree = "<group>";
		};
		4930362625997293005B0921 /* LaunchScreen.storyboard */ = {
			isa = PBXVariantGroup;
			children = (
				4930362725997293005B0921 /* Base */,
			);
			name = LaunchScreen.storyboard;
			sourceTree = "<group>";
		};
/* End PBXVariantGroup section */

/* Begin XCBuildConfiguration section */
		4930364025997294005B0921 /* Debug */ = {
			isa = XCBuildConfiguration;
			buildSettings = {
				ALWAYS_SEARCH_USER_PATHS = NO;
				CLANG_ANALYZER_NONNULL = YES;
				CLANG_ANALYZER_NUMBER_OBJECT_CONVERSION = YES_AGGRESSIVE;
				CLANG_CXX_LANGUAGE_STANDARD = "gnu++14";
				CLANG_CXX_LIBRARY = "libc++";
				CLANG_ENABLE_MODULES = YES;
				CLANG_ENABLE_OBJC_ARC = YES;
				CLANG_ENABLE_OBJC_WEAK = YES;
				CLANG_WARN_BLOCK_CAPTURE_AUTORELEASING = YES;
				CLANG_WARN_BOOL_CONVERSION = YES;
				CLANG_WARN_COMMA = YES;
				CLANG_WARN_CONSTANT_CONVERSION = YES;
				CLANG_WARN_DEPRECATED_OBJC_IMPLEMENTATIONS = YES;
				CLANG_WARN_DIRECT_OBJC_ISA_USAGE = YES_ERROR;
				CLANG_WARN_DOCUMENTATION_COMMENTS = YES;
				CLANG_WARN_EMPTY_BODY = YES;
				CLANG_WARN_ENUM_CONVERSION = YES;
				CLANG_WARN_INFINITE_RECURSION = YES;
				CLANG_WARN_INT_CONVERSION = YES;
				CLANG_WARN_NON_LITERAL_NULL_CONVERSION = YES;
				CLANG_WARN_OBJC_IMPLICIT_RETAIN_SELF = YES;
				CLANG_WARN_OBJC_LITERAL_CONVERSION = YES;
				CLANG_WARN_OBJC_ROOT_CLASS = YES_ERROR;
				CLANG_WARN_QUOTED_INCLUDE_IN_FRAMEWORK_HEADER = YES;
				CLANG_WARN_RANGE_LOOP_ANALYSIS = YES;
				CLANG_WARN_STRICT_PROTOTYPES = YES;
				CLANG_WARN_SUSPICIOUS_MOVE = YES;
				CLANG_WARN_UNGUARDED_AVAILABILITY = YES_AGGRESSIVE;
				CLANG_WARN_UNREACHABLE_CODE = YES;
				CLANG_WARN__DUPLICATE_METHOD_MATCH = YES;
				COPY_PHASE_STRIP = NO;
				DEBUG_INFORMATION_FORMAT = dwarf;
				ENABLE_STRICT_OBJC_MSGSEND = YES;
				ENABLE_TESTABILITY = YES;
				GCC_C_LANGUAGE_STANDARD = gnu11;
				GCC_DYNAMIC_NO_PIC = NO;
				GCC_NO_COMMON_BLOCKS = YES;
				GCC_OPTIMIZATION_LEVEL = 0;
				GCC_PREPROCESSOR_DEFINITIONS = (
					"DEBUG=1",
					"$(inherited)",
				);
				GCC_WARN_64_TO_32_BIT_CONVERSION = YES;
				GCC_WARN_ABOUT_RETURN_TYPE = YES_ERROR;
				GCC_WARN_UNDECLARED_SELECTOR = YES;
				GCC_WARN_UNINITIALIZED_AUTOS = YES_AGGRESSIVE;
				GCC_WARN_UNUSED_FUNCTION = YES;
				GCC_WARN_UNUSED_VARIABLE = YES;
				IPHONEOS_DEPLOYMENT_TARGET = 14.3;
				MTL_ENABLE_DEBUG_INFO = INCLUDE_SOURCE;
				MTL_FAST_MATH = YES;
				ONLY_ACTIVE_ARCH = YES;
				SDKROOT = iphoneos;
				SWIFT_ACTIVE_COMPILATION_CONDITIONS = DEBUG;
				SWIFT_OPTIMIZATION_LEVEL = "-Onone";
			};
			name = Debug;
		};
		4930364125997294005B0921 /* Release */ = {
			isa = XCBuildConfiguration;
			buildSettings = {
				ALWAYS_SEARCH_USER_PATHS = NO;
				CLANG_ANALYZER_NONNULL = YES;
				CLANG_ANALYZER_NUMBER_OBJECT_CONVERSION = YES_AGGRESSIVE;
				CLANG_CXX_LANGUAGE_STANDARD = "gnu++14";
				CLANG_CXX_LIBRARY = "libc++";
				CLANG_ENABLE_MODULES = YES;
				CLANG_ENABLE_OBJC_ARC = YES;
				CLANG_ENABLE_OBJC_WEAK = YES;
				CLANG_WARN_BLOCK_CAPTURE_AUTORELEASING = YES;
				CLANG_WARN_BOOL_CONVERSION = YES;
				CLANG_WARN_COMMA = YES;
				CLANG_WARN_CONSTANT_CONVERSION = YES;
				CLANG_WARN_DEPRECATED_OBJC_IMPLEMENTATIONS = YES;
				CLANG_WARN_DIRECT_OBJC_ISA_USAGE = YES_ERROR;
				CLANG_WARN_DOCUMENTATION_COMMENTS = YES;
				CLANG_WARN_EMPTY_BODY = YES;
				CLANG_WARN_ENUM_CONVERSION = YES;
				CLANG_WARN_INFINITE_RECURSION = YES;
				CLANG_WARN_INT_CONVERSION = YES;
				CLANG_WARN_NON_LITERAL_NULL_CONVERSION = YES;
				CLANG_WARN_OBJC_IMPLICIT_RETAIN_SELF = YES;
				CLANG_WARN_OBJC_LITERAL_CONVERSION = YES;
				CLANG_WARN_OBJC_ROOT_CLASS = YES_ERROR;
				CLANG_WARN_QUOTED_INCLUDE_IN_FRAMEWORK_HEADER = YES;
				CLANG_WARN_RANGE_LOOP_ANALYSIS = YES;
				CLANG_WARN_STRICT_PROTOTYPES = YES;
				CLANG_WARN_SUSPICIOUS_MOVE = YES;
				CLANG_WARN_UNGUARDED_AVAILABILITY = YES_AGGRESSIVE;
				CLANG_WARN_UNREACHABLE_CODE = YES;
				CLANG_WARN__DUPLICATE_METHOD_MATCH = YES;
				COPY_PHASE_STRIP = NO;
				DEBUG_INFORMATION_FORMAT = "dwarf-with-dsym";
				ENABLE_NS_ASSERTIONS = NO;
				ENABLE_STRICT_OBJC_MSGSEND = YES;
				GCC_C_LANGUAGE_STANDARD = gnu11;
				GCC_NO_COMMON_BLOCKS = YES;
				GCC_WARN_64_TO_32_BIT_CONVERSION = YES;
				GCC_WARN_ABOUT_RETURN_TYPE = YES_ERROR;
				GCC_WARN_UNDECLARED_SELECTOR = YES;
				GCC_WARN_UNINITIALIZED_AUTOS = YES_AGGRESSIVE;
				GCC_WARN_UNUSED_FUNCTION = YES;
				GCC_WARN_UNUSED_VARIABLE = YES;
				IPHONEOS_DEPLOYMENT_TARGET = 14.3;
				MTL_ENABLE_DEBUG_INFO = NO;
				MTL_FAST_MATH = YES;
				SDKROOT = iphoneos;
				SWIFT_COMPILATION_MODE = wholemodule;
				SWIFT_OPTIMIZATION_LEVEL = "-O";
				VALIDATE_PRODUCT = YES;
			};
			name = Release;
		};
		4930364325997294005B0921 /* Debug */ = {
			isa = XCBuildConfiguration;
			buildSettings = {
				ASSETCATALOG_COMPILER_APPICON_NAME = AppIcon;
				ASSETCATALOG_COMPILER_GLOBAL_ACCENT_COLOR_NAME = AccentColor;
				CODE_SIGN_STYLE = Automatic;
				DEVELOPMENT_TEAM = RUVF8FBK5G;
				INFOPLIST_FILE = youtube/Info.plist;
				IPHONEOS_DEPLOYMENT_TARGET = 13.5;
				LD_RUNPATH_SEARCH_PATHS = (
					"$(inherited)",
					"@executable_path/Frameworks",
				);
				PRODUCT_BUNDLE_IDENTIFIER = vv.youtube;
				PRODUCT_NAME = "$(TARGET_NAME)";
				SWIFT_VERSION = 5.0;
				TARGETED_DEVICE_FAMILY = "1,2";
			};
			name = Debug;
		};
		4930364425997294005B0921 /* Release */ = {
			isa = XCBuildConfiguration;
			buildSettings = {
				ASSETCATALOG_COMPILER_APPICON_NAME = AppIcon;
				ASSETCATALOG_COMPILER_GLOBAL_ACCENT_COLOR_NAME = AccentColor;
				CODE_SIGN_STYLE = Automatic;
				DEVELOPMENT_TEAM = RUVF8FBK5G;
				INFOPLIST_FILE = youtube/Info.plist;
				IPHONEOS_DEPLOYMENT_TARGET = 13.5;
				LD_RUNPATH_SEARCH_PATHS = (
					"$(inherited)",
					"@executable_path/Frameworks",
				);
				PRODUCT_BUNDLE_IDENTIFIER = vv.youtube;
				PRODUCT_NAME = "$(TARGET_NAME)";
				SWIFT_VERSION = 5.0;
				TARGETED_DEVICE_FAMILY = "1,2";
			};
			name = Release;
		};
		4930364625997294005B0921 /* Debug */ = {
			isa = XCBuildConfiguration;
			buildSettings = {
				ALWAYS_EMBED_SWIFT_STANDARD_LIBRARIES = YES;
				BUNDLE_LOADER = "$(TEST_HOST)";
				CODE_SIGN_STYLE = Automatic;
				DEVELOPMENT_TEAM = RUVF8FBK5G;
				INFOPLIST_FILE = youtubeTests/Info.plist;
				IPHONEOS_DEPLOYMENT_TARGET = 14.3;
				LD_RUNPATH_SEARCH_PATHS = (
					"$(inherited)",
					"@executable_path/Frameworks",
					"@loader_path/Frameworks",
				);
				PRODUCT_BUNDLE_IDENTIFIER = vv.youtubeTests;
				PRODUCT_NAME = "$(TARGET_NAME)";
				SWIFT_VERSION = 5.0;
				TARGETED_DEVICE_FAMILY = "1,2";
				TEST_HOST = "$(BUILT_PRODUCTS_DIR)/youtube.app/youtube";
			};
			name = Debug;
		};
		4930364725997294005B0921 /* Release */ = {
			isa = XCBuildConfiguration;
			buildSettings = {
				ALWAYS_EMBED_SWIFT_STANDARD_LIBRARIES = YES;
				BUNDLE_LOADER = "$(TEST_HOST)";
				CODE_SIGN_STYLE = Automatic;
				DEVELOPMENT_TEAM = RUVF8FBK5G;
				INFOPLIST_FILE = youtubeTests/Info.plist;
				IPHONEOS_DEPLOYMENT_TARGET = 14.3;
				LD_RUNPATH_SEARCH_PATHS = (
					"$(inherited)",
					"@executable_path/Frameworks",
					"@loader_path/Frameworks",
				);
				PRODUCT_BUNDLE_IDENTIFIER = vv.youtubeTests;
				PRODUCT_NAME = "$(TARGET_NAME)";
				SWIFT_VERSION = 5.0;
				TARGETED_DEVICE_FAMILY = "1,2";
				TEST_HOST = "$(BUILT_PRODUCTS_DIR)/youtube.app/youtube";
			};
			name = Release;
		};
		4930364925997294005B0921 /* Debug */ = {
			isa = XCBuildConfiguration;
			buildSettings = {
				ALWAYS_EMBED_SWIFT_STANDARD_LIBRARIES = YES;
				CODE_SIGN_STYLE = Automatic;
				DEVELOPMENT_TEAM = RUVF8FBK5G;
				INFOPLIST_FILE = youtubeUITests/Info.plist;
				LD_RUNPATH_SEARCH_PATHS = (
					"$(inherited)",
					"@executable_path/Frameworks",
					"@loader_path/Frameworks",
				);
				PRODUCT_BUNDLE_IDENTIFIER = vv.youtubeUITests;
				PRODUCT_NAME = "$(TARGET_NAME)";
				SWIFT_VERSION = 5.0;
				TARGETED_DEVICE_FAMILY = "1,2";
				TEST_TARGET_NAME = youtube;
			};
			name = Debug;
		};
		4930364A25997294005B0921 /* Release */ = {
			isa = XCBuildConfiguration;
			buildSettings = {
				ALWAYS_EMBED_SWIFT_STANDARD_LIBRARIES = YES;
				CODE_SIGN_STYLE = Automatic;
				DEVELOPMENT_TEAM = RUVF8FBK5G;
				INFOPLIST_FILE = youtubeUITests/Info.plist;
				LD_RUNPATH_SEARCH_PATHS = (
					"$(inherited)",
					"@executable_path/Frameworks",
					"@loader_path/Frameworks",
				);
				PRODUCT_BUNDLE_IDENTIFIER = vv.youtubeUITests;
				PRODUCT_NAME = "$(TARGET_NAME)";
				SWIFT_VERSION = 5.0;
				TARGETED_DEVICE_FAMILY = "1,2";
				TEST_TARGET_NAME = youtube;
			};
			name = Release;
		};
/* End XCBuildConfiguration section */

/* Begin XCConfigurationList section */
		4930361325997291005B0921 /* Build configuration list for PBXProject "youtube" */ = {
			isa = XCConfigurationList;
			buildConfigurations = (
				4930364025997294005B0921 /* Debug */,
				4930364125997294005B0921 /* Release */,
			);
			defaultConfigurationIsVisible = 0;
			defaultConfigurationName = Release;
		};
		4930364225997294005B0921 /* Build configuration list for PBXNativeTarget "youtube" */ = {
			isa = XCConfigurationList;
			buildConfigurations = (
				4930364325997294005B0921 /* Debug */,
				4930364425997294005B0921 /* Release */,
			);
			defaultConfigurationIsVisible = 0;
			defaultConfigurationName = Release;
		};
		4930364525997294005B0921 /* Build configuration list for PBXNativeTarget "youtubeTests" */ = {
			isa = XCConfigurationList;
			buildConfigurations = (
				4930364625997294005B0921 /* Debug */,
				4930364725997294005B0921 /* Release */,
			);
			defaultConfigurationIsVisible = 0;
			defaultConfigurationName = Release;
		};
		4930364825997294005B0921 /* Build configuration list for PBXNativeTarget "youtubeUITests" */ = {
			isa = XCConfigurationList;
			buildConfigurations = (
				4930364925997294005B0921 /* Debug */,
				4930364A25997294005B0921 /* Release */,
			);
			defaultConfigurationIsVisible = 0;
			defaultConfigurationName = Release;
		};
/* End XCConfigurationList section */
	};
	rootObject = 4930361025997291005B0921 /* Project object */;
}
